
Microsoft Visual Studio Solution File, Format Version 12.00
# Visual Studio Version 17
VisualStudioVersion = 17.7.34009.444
MinimumVisualStudioVersion = 10.0.40219.1
Project("{FAE04EC0-301F-11D3-BF4B-00C04F79EFBC}") = "WindowsForms", "WindowsForms\WindowsForms.csproj", "{1064F9CC-C439-4333-AFAE-013BC40466D4}"
EndProject
Global
	GlobalSection(SolutionConfigurationPlatforms) = preSolution
		Debug|Any CPU = Debug|Any CPU
		Release|Any CPU = Release|Any CPU
	EndGlobalSection
	GlobalSection(ProjectConfigurationPlatforms) = postSolution
		{1064F9CC-C439-4333-AFAE-013BC40466D4}.Debug|Any CPU.ActiveCfg = Debug|Any CPU
		{1064F9CC-C439-4333-AFAE-013BC40466D4}.Debug|Any CPU.Build.0 = Debug|Any CPU
		{1064F9CC-C439-4333-AFAE-013BC40466D4}.Release|Any CPU.ActiveCfg = Release|Any CPU
		{1064F9CC-C439-4333-AFAE-013BC40466D4}.Release|Any CPU.Build.0 = Release|Any CPU
	EndGlobalSection
	GlobalSection(SolutionProperties) = preSolution
		HideSolutionNode = FALSE
	EndGlobalSection
	GlobalSection(ExtensibilityGlobals) = postSolution
		SolutionGuid = {CD60C340-DE20-4A41-97F5-345689C4DE34}
	EndGlobalSection
EndGlobal
